
Microsoft Visual Studio Solution File, Format Version 12.00
# Visual Studio 15
VisualStudioVersion = 15.0.27004.2008
MinimumVisualStudioVersion = 10.0.40219.1
Project("{FAE04EC0-301F-11D3-BF4B-00C04F79EFBC}") = "OlafKuusik", "OlafKuusik\OlafKuusik.csproj", "{346B4CB5-182E-45ED-8025-83E928C24FD5}"
EndProject
Project("{FAE04EC0-301F-11D3-BF4B-00C04F79EFBC}") = "OlafKuusik.Tests", "OlafKuusik.Tests\OlafKuusik.Tests.csproj", "{52308B4F-BB94-4EBF-ADCF-1A4E97B41A92}"
EndProject
Global
	GlobalSection(SolutionConfigurationPlatforms) = preSolution
		Debug|Any CPU = Debug|Any CPU
		Release|Any CPU = Release|Any CPU
	EndGlobalSection
	GlobalSection(ProjectConfigurationPlatforms) = postSolution
		{346B4CB5-182E-45ED-8025-83E928C24FD5}.Debug|Any CPU.ActiveCfg = Debug|Any CPU
		{346B4CB5-182E-45ED-8025-83E928C24FD5}.Debug|Any CPU.Build.0 = Debug|Any CPU
		{346B4CB5-182E-45ED-8025-83E928C24FD5}.Release|Any CPU.ActiveCfg = Release|Any CPU
		{346B4CB5-182E-45ED-8025-83E928C24FD5}.Release|Any CPU.Build.0 = Release|Any CPU
		{52308B4F-BB94-4EBF-ADCF-1A4E97B41A92}.Debug|Any CPU.ActiveCfg = Debug|Any CPU
		{52308B4F-BB94-4EBF-ADCF-1A4E97B41A92}.Debug|Any CPU.Build.0 = Debug|Any CPU
		{52308B4F-BB94-4EBF-ADCF-1A4E97B41A92}.Release|Any CPU.ActiveCfg = Release|Any CPU
		{52308B4F-BB94-4EBF-ADCF-1A4E97B41A92}.Release|Any CPU.Build.0 = Release|Any CPU
	EndGlobalSection
	GlobalSection(SolutionProperties) = preSolution
		HideSolutionNode = FALSE
	EndGlobalSection
	GlobalSection(ExtensibilityGlobals) = postSolution
		SolutionGuid = {4CE108CF-20AD-4701-82CC-BAAFB77A4773}
	EndGlobalSection
EndGlobal
